
Microsoft Visual Studio Solution File, Format Version 11.00
# Visual Studio 2010
Project("{FAE04EC0-301F-11D3-BF4B-00C04F79EFBC}") = "AutoMapperExample", "AutoMapperExample\AutoMapperExample.csproj", "{6EBEA1F5-95BF-45E9-9340-E0192D8C24C5}"
EndProject
Project("{FAE04EC0-301F-11D3-BF4B-00C04F79EFBC}") = "AutoMapperExample.Dal", "AutoMapperExample.Dal\AutoMapperExample.Dal.csproj", "{C913891D-B931-42C9-B993-67993C12307D}"
EndProject
Global
	GlobalSection(SolutionConfigurationPlatforms) = preSolution
		Debug|Any CPU = Debug|Any CPU
		Release|Any CPU = Release|Any CPU
	EndGlobalSection
	GlobalSection(ProjectConfigurationPlatforms) = postSolution
		{6EBEA1F5-95BF-45E9-9340-E0192D8C24C5}.Debug|Any CPU.ActiveCfg = Debug|Any CPU
		{6EBEA1F5-95BF-45E9-9340-E0192D8C24C5}.Debug|Any CPU.Build.0 = Debug|Any CPU
		{6EBEA1F5-95BF-45E9-9340-E0192D8C24C5}.Release|Any CPU.ActiveCfg = Release|Any CPU
		{6EBEA1F5-95BF-45E9-9340-E0192D8C24C5}.Release|Any CPU.Build.0 = Release|Any CPU
		{C913891D-B931-42C9-B993-67993C12307D}.Debug|Any CPU.ActiveCfg = Debug|Any CPU
		{C913891D-B931-42C9-B993-67993C12307D}.Debug|Any CPU.Build.0 = Debug|Any CPU
		{C913891D-B931-42C9-B993-67993C12307D}.Release|Any CPU.ActiveCfg = Release|Any CPU
		{C913891D-B931-42C9-B993-67993C12307D}.Release|Any CPU.Build.0 = Release|Any CPU
	EndGlobalSection
	GlobalSection(SolutionProperties) = preSolution
		HideSolutionNode = FALSE
	EndGlobalSection
EndGlobal
